
Microsoft Visual Studio Solution File, Format Version 12.00
# Visual Studio Version 17
VisualStudioVersion = 17.11.35303.130
MinimumVisualStudioVersion = 10.0.40219.1
Project("{FAE04EC0-301F-11D3-BF4B-00C04F79EFBC}") = "RepositorioTurno", "RepositorioTurno\RepositorioTurno.csproj", "{7CB21B04-D00B-413E-AF24-44A35CD48C1E}"
EndProject
Project("{FAE04EC0-301F-11D3-BF4B-00C04F79EFBC}") = "ApiTurnos", "ApiTurnos\ApiTurnos.csproj", "{0155C3EA-9011-4E04-A690-7365E4FB3B55}"
EndProject
Global
	GlobalSection(SolutionConfigurationPlatforms) = preSolution
		Debug|Any CPU = Debug|Any CPU
		Release|Any CPU = Release|Any CPU
	EndGlobalSection
	GlobalSection(ProjectConfigurationPlatforms) = postSolution
		{7CB21B04-D00B-413E-AF24-44A35CD48C1E}.Debug|Any CPU.ActiveCfg = Debug|Any CPU
		{7CB21B04-D00B-413E-AF24-44A35CD48C1E}.Debug|Any CPU.Build.0 = Debug|Any CPU
		{7CB21B04-D00B-413E-AF24-44A35CD48C1E}.Release|Any CPU.ActiveCfg = Release|Any CPU
		{7CB21B04-D00B-413E-AF24-44A35CD48C1E}.Release|Any CPU.Build.0 = Release|Any CPU
		{0155C3EA-9011-4E04-A690-7365E4FB3B55}.Debug|Any CPU.ActiveCfg = Debug|Any CPU
		{0155C3EA-9011-4E04-A690-7365E4FB3B55}.Debug|Any CPU.Build.0 = Debug|Any CPU
		{0155C3EA-9011-4E04-A690-7365E4FB3B55}.Release|Any CPU.ActiveCfg = Release|Any CPU
		{0155C3EA-9011-4E04-A690-7365E4FB3B55}.Release|Any CPU.Build.0 = Release|Any CPU
	EndGlobalSection
	GlobalSection(SolutionProperties) = preSolution
		HideSolutionNode = FALSE
	EndGlobalSection
	GlobalSection(ExtensibilityGlobals) = postSolution
		SolutionGuid = {AE5B1ECD-F073-4CD7-923E-DD1221861F9E}
	EndGlobalSection
EndGlobal
